
Microsoft Visual Studio Solution File, Format Version 12.00
# Visual Studio Version 17
VisualStudioVersion = 17.4.33122.133
MinimumVisualStudioVersion = 10.0.40219.1
Project("{9A19103F-16F7-4668-BE54-9A1E7A4F7556}") = "Shared", "AdventOfCode2022.Shared\Shared.csproj", "{80943139-2F51-410D-A94E-93E807D81C26}"
EndProject
Project("{9A19103F-16F7-4668-BE54-9A1E7A4F7556}") = "Day1", "AdventOfCode2022.Day1\Day1.csproj", "{E26BDE5A-5CF5-4629-AE08-8C2DBB99A0AE}"
EndProject
Project("{9A19103F-16F7-4668-BE54-9A1E7A4F7556}") = "Tests", "AdventOfCode2022.Tests\Tests.csproj", "{C64A209F-D8B7-41BD-8A47-D9591BD4C627}"
EndProject
Project("{FAE04EC0-301F-11D3-BF4B-00C04F79EFBC}") = "Day2", "AdventOfCode2022.Day2\Day2.csproj", "{12C3CE4B-5F86-4CC5-8B0B-D2199FF9BC86}"
EndProject
Global
	GlobalSection(SolutionConfigurationPlatforms) = preSolution
		Debug|Any CPU = Debug|Any CPU
		Release|Any CPU = Release|Any CPU
	EndGlobalSection
	GlobalSection(ProjectConfigurationPlatforms) = postSolution
		{80943139-2F51-410D-A94E-93E807D81C26}.Debug|Any CPU.ActiveCfg = Debug|Any CPU
		{80943139-2F51-410D-A94E-93E807D81C26}.Debug|Any CPU.Build.0 = Debug|Any CPU
		{80943139-2F51-410D-A94E-93E807D81C26}.Release|Any CPU.ActiveCfg = Release|Any CPU
		{80943139-2F51-410D-A94E-93E807D81C26}.Release|Any CPU.Build.0 = Release|Any CPU
		{E26BDE5A-5CF5-4629-AE08-8C2DBB99A0AE}.Debug|Any CPU.ActiveCfg = Debug|Any CPU
		{E26BDE5A-5CF5-4629-AE08-8C2DBB99A0AE}.Debug|Any CPU.Build.0 = Debug|Any CPU
		{E26BDE5A-5CF5-4629-AE08-8C2DBB99A0AE}.Release|Any CPU.ActiveCfg = Release|Any CPU
		{E26BDE5A-5CF5-4629-AE08-8C2DBB99A0AE}.Release|Any CPU.Build.0 = Release|Any CPU
		{C64A209F-D8B7-41BD-8A47-D9591BD4C627}.Debug|Any CPU.ActiveCfg = Debug|Any CPU
		{C64A209F-D8B7-41BD-8A47-D9591BD4C627}.Debug|Any CPU.Build.0 = Debug|Any CPU
		{C64A209F-D8B7-41BD-8A47-D9591BD4C627}.Release|Any CPU.ActiveCfg = Release|Any CPU
		{C64A209F-D8B7-41BD-8A47-D9591BD4C627}.Release|Any CPU.Build.0 = Release|Any CPU
		{12C3CE4B-5F86-4CC5-8B0B-D2199FF9BC86}.Debug|Any CPU.ActiveCfg = Debug|Any CPU
		{12C3CE4B-5F86-4CC5-8B0B-D2199FF9BC86}.Debug|Any CPU.Build.0 = Debug|Any CPU
		{12C3CE4B-5F86-4CC5-8B0B-D2199FF9BC86}.Release|Any CPU.ActiveCfg = Release|Any CPU
		{12C3CE4B-5F86-4CC5-8B0B-D2199FF9BC86}.Release|Any CPU.Build.0 = Release|Any CPU
	EndGlobalSection
	GlobalSection(SolutionProperties) = preSolution
		HideSolutionNode = FALSE
	EndGlobalSection
	GlobalSection(ExtensibilityGlobals) = postSolution
		SolutionGuid = {8CF8279E-C552-4938-A05F-18F497A04F07}
	EndGlobalSection
EndGlobal
